// !$*UTF8*$!
{
	archiveVersion = 1;
	classes = {
	};
	objectVersion = 46;
	objects = {

/* Begin PBXBuildFile section */
		DF6373681A5F0A00002470CE /* main.m in Sources */ = {isa = PBXBuildFile; fileRef = DF6373671A5F0A00002470CE /* main.m */; };
		DF63736B1A5F0A00002470CE /* AppDelegate.m in Sources */ = {isa = PBXBuildFile; fileRef = DF63736A1A5F0A00002470CE /* AppDelegate.m */; };
		DF63736E1A5F0A00002470CE /* ViewController.m in Sources */ = {isa = PBXBuildFile; fileRef = DF63736D1A5F0A00002470CE /* ViewController.m */; };
		DF6373711A5F0A00002470CE /* Main.storyboard in Resources */ = {isa = PBXBuildFile; fileRef = DF63736F1A5F0A00002470CE /* Main.storyboard */; };
		DF6373731A5F0A00002470CE /* Images.xcassets in Resources */ = {isa = PBXBuildFile; fileRef = DF6373721A5F0A00002470CE /* Images.xcassets */; };
		DF6373761A5F0A00002470CE /* LaunchScreen.xib in Resources */ = {isa = PBXBuildFile; fileRef = DF6373741A5F0A00002470CE /* LaunchScreen.xib */; };
		DF6373821A5F0A00002470CE /* TestTests.m in Sources */ = {isa = PBXBuildFile; fileRef = DF6373811A5F0A00002470CE /* TestTests.m */; };
/* End PBXBuildFile section */

/* Begin PBXContainerItemProxy section */
		DF63737C1A5F0A00002470CE /* PBXContainerItemProxy */ = {
			isa = PBXContainerItemProxy;
			containerPortal = DF63735A1A5F0A00002470CE /* Project object */;
			proxyType = 1;
			remoteGlobalIDString = DF6373611A5F0A00002470CE;
			remoteInfo = Test;
		};
/* End PBXContainerItemProxy section */

/* Begin PBXFileReference section */
		DF6373621A5F0A00002470CE /* Test.app */ = {isa = PBXFileReference; explicitFileType = wrapper.application; includeInIndex = 0; path = Test.app; sourceTree = BUILT_PRODUCTS_DIR; };
		DF6373661A5F0A00002470CE /* Info.plist */ = {isa = PBXFileReference; lastKnownFileType = text.plist.xml; path = Info.plist; sourceTree = "<group>"; };
		DF6373671A5F0A00002470CE /* main.m */ = {isa = PBXFileReference; lastKnownFileType = sourcecode.c.objc; path = main.m; sourceTree = "<group>"; };
		DF6373691A5F0A00002470CE /* AppDelegate.h */ = {isa = PBXFileReference; lastKnownFileType = sourcecode.c.h; path = AppDelegate.h; sourceTree = "<group>"; };
		DF63736A1A5F0A00002470CE /* AppDelegate.m */ = {isa = PBXFileReference; lastKnownFileType = sourcecode.c.objc; path = AppDelegate.m; sourceTree = "<group>"; };
		DF63736C1A5F0A00002470CE /* ViewController.h */ = {isa = PBXFileReference; lastKnownFileType = sourcecode.c.h; path = ViewController.h; sourceTree = "<group>"; };
		DF63736D1A5F0A00002470CE /* ViewController.m */ = {isa = PBXFileReference; lastKnownFileType = sourcecode.c.objc; path = ViewController.m; sourceTree = "<group>"; };
		DF6373701A5F0A00002470CE /* Base */ = {isa = PBXFileReference; lastKnownFileType = file.storyboard; name = Base; path = Base.lproj/Main.storyboard; sourceTree = "<group>"; };
		DF6373721A5F0A00002470CE /* Images.xcassets */ = {isa = PBXFileReference; lastKnownFileType = folder.assetcatalog; path = Images.xcassets; sourceTree = "<group>"; };
		DF6373751A5F0A00002470CE /* Base */ = {isa = PBXFileReference; lastKnownFileType = file.xib; name = Base; path = Base.lproj/LaunchScreen.xib; sourceTree = "<group>"; };
		DF63737B1A5F0A00002470CE /* TestTests.xctest */ = {isa = PBXFileReference; explicitFileType = wrapper.cfbundle; includeInIndex = 0; path = TestTests.xctest; sourceTree = BUILT_PRODUCTS_DIR; };
		DF6373801A5F0A00002470CE /* Info.plist */ = {isa = PBXFileReference; lastKnownFileType = text.plist.xml; path = Info.plist; sourceTree = "<group>"; };
		DF6373811A5F0A00002470CE /* TestTests.m */ = {isa = PBXFileReference; lastKnownFileType = sourcecode.c.objc; path = TestTests.m; sourceTree = "<group>"; };
/* End PBXFileReference section */

/* Begin PBXFrameworksBuildPhase section */
		DF63735F1A5F0A00002470CE /* Frameworks */ = {
			isa = PBXFrameworksBuildPhase;
			buildActionMask = 2147483647;
			files = (
			);
			runOnlyForDeploymentPostprocessing = 0;
		};
		DF6373781A5F0A00002470CE /* Frameworks */ = {
			isa = PBXFrameworksBuildPhase;
			buildActionMask = 2147483647;
			files = (
			);
			runOnlyForDeploymentPostprocessing = 0;
		};
/* End PBXFrameworksBuildPhase section */

/* Begin PBXGroup section */
		DF6373591A5F0A00002470CE = {
			isa = PBXGroup;
			children = (
				DF6373641A5F0A00002470CE /* Test */,
				DF63737E1A5F0A00002470CE /* TestTests */,
				DF6373631A5F0A00002470CE /* Products */,
			);
			sourceTree = "<group>";
		};
		DF6373631A5F0A00002470CE /* Products */ = {
			isa = PBXGroup;
			children = (
				DF6373621A5F0A00002470CE /* Test.app */,
				DF63737B1A5F0A00002470CE /* TestTests.xctest */,
			);
			name = Products;
			sourceTree = "<group>";
		};
		DF6373641A5F0A00002470CE /* Test */ = {
			isa = PBXGroup;
			children = (
				DF6373691A5F0A00002470CE /* AppDelegate.h */,
				DF63736A1A5F0A00002470CE /* AppDelegate.m */,
				DF63736C1A5F0A00002470CE /* ViewController.h */,
				DF63736D1A5F0A00002470CE /* ViewController.m */,
				DF63736F1A5F0A00002470CE /* Main.storyboard */,
				DF6373721A5F0A00002470CE /* Images.xcassets */,
				DF6373741A5F0A00002470CE /* LaunchScreen.xib */,
				DF6373651A5F0A00002470CE /* Supporting Files */,
			);
			path = Test;
			sourceTree = "<group>";
		};
		DF6373651A5F0A00002470CE /* Supporting Files */ = {
			isa = PBXGroup;
			children = (
				DF6373661A5F0A00002470CE /* Info.plist */,
				DF6373671A5F0A00002470CE /* main.m */,
			);
			name = "Supporting Files";
			sourceTree = "<group>";
		};
		DF63737E1A5F0A00002470CE /* TestTests */ = {
			isa = PBXGroup;
			children = (
				DF6373811A5F0A00002470CE /* TestTests.m */,
				DF63737F1A5F0A00002470CE /* Supporting Files */,
			);
			path = TestTests;
			sourceTree = "<group>";
		};
		DF63737F1A5F0A00002470CE /* Supporting Files */ = {
			isa = PBXGroup;
			children = (
				DF6373801A5F0A00002470CE /* Info.plist */,
			);
			name = "Supporting Files";
			sourceTree = "<group>";
		};
/* End PBXGroup section */

/* Begin PBXNativeTarget section */
		DF6373611A5F0A00002470CE /* Test */ = {
			isa = PBXNativeTarget;
			buildConfigurationList = DF6373851A5F0A00002470CE /* Build configuration list for PBXNativeTarget "Test" */;
			buildPhases = (
				DF63735E1A5F0A00002470CE /* Sources */,
				DF63735F1A5F0A00002470CE /* Frameworks */,
				DF6373601A5F0A00002470CE /* Resources */,
			);
			buildRules = (
			);
			dependencies = (
			);
			name = Test;
			productName = Test;
			productReference = DF6373621A5F0A00002470CE /* Test.app */;
			productType = "com.apple.product-type.application";
		};
		DF63737A1A5F0A00002470CE /* TestTests */ = {
			isa = PBXNativeTarget;
			buildConfigurationList = DF6373881A5F0A00002470CE /* Build configuration list for PBXNativeTarget "TestTests" */;
			buildPhases = (
				DF6373771A5F0A00002470CE /* Sources */,
				DF6373781A5F0A00002470CE /* Frameworks */,
				DF6373791A5F0A00002470CE /* Resources */,
			);
			buildRules = (
			);
			dependencies = (
				DF63737D1A5F0A00002470CE /* PBXTargetDependency */,
			);
			name = TestTests;
			productName = TestTests;
			productReference = DF63737B1A5F0A00002470CE /* TestTests.xctest */;
			productType = "com.apple.product-type.bundle.unit-test";
		};
/* End PBXNativeTarget section */

/* Begin PBXProject section */
		DF63735A1A5F0A00002470CE /* Project object */ = {
			isa = PBXProject;
			attributes = {
				LastUpgradeCheck = 0610;
				ORGANIZATIONNAME = Pacific3;
				TargetAttributes = {
					DF6373611A5F0A00002470CE = {
						CreatedOnToolsVersion = 6.1.1;
					};
					DF63737A1A5F0A00002470CE = {
						CreatedOnToolsVersion = 6.1.1;
						TestTargetID = DF6373611A5F0A00002470CE;
					};
				};
			};
			buildConfigurationList = DF63735D1A5F0A00002470CE /* Build configuration list for PBXProject "Test" */;
			compatibilityVersion = "Xcode 3.2";
			developmentRegion = English;
			hasScannedForEncodings = 0;
			knownRegions = (
				en,
				Base,
			);
			mainGroup = DF6373591A5F0A00002470CE;
			productRefGroup = DF6373631A5F0A00002470CE /* Products */;
			projectDirPath = "";
			projectRoot = "";
			targets = (
				DF6373611A5F0A00002470CE /* Test */,
				DF63737A1A5F0A00002470CE /* TestTests */,
			);
		};
/* End PBXProject section */

/* Begin PBXResourcesBuildPhase section */
		DF6373601A5F0A00002470CE /* Resources */ = {
			isa = PBXResourcesBuildPhase;
			buildActionMask = 2147483647;
			files = (
				DF6373711A5F0A00002470CE /* Main.storyboard in Resources */,
				DF6373761A5F0A00002470CE /* LaunchScreen.xib in Resources */,
				DF6373731A5F0A00002470CE /* Images.xcassets in Resources */,
			);
			runOnlyForDeploymentPostprocessing = 0;
		};
		DF6373791A5F0A00002470CE /* Resources */ = {
			isa = PBXResourcesBuildPhase;
			buildActionMask = 2147483647;
			files = (
			);
			runOnlyForDeploymentPostprocessing = 0;
		};
/* End PBXResourcesBuildPhase section */

/* Begin PBXSourcesBuildPhase section */
		DF63735E1A5F0A00002470CE /* Sources */ = {
			isa = PBXSourcesBuildPhase;
			buildActionMask = 2147483647;
			files = (
				DF63736E1A5F0A00002470CE /* ViewController.m in Sources */,
				DF63736B1A5F0A00002470CE /* AppDelegate.m in Sources */,
				DF6373681A5F0A00002470CE /* main.m in Sources */,
			);
			runOnlyForDeploymentPostprocessing = 0;
		};
		DF6373771A5F0A00002470CE /* Sources */ = {
			isa = PBXSourcesBuildPhase;
			buildActionMask = 2147483647;
			files = (
				DF6373821A5F0A00002470CE /* TestTests.m in Sources */,
			);
			runOnlyForDeploymentPostprocessing = 0;
		};
/* End PBXSourcesBuildPhase section */

/* Begin PBXTargetDependency section */
		DF63737D1A5F0A00002470CE /* PBXTargetDependency */ = {
			isa = PBXTargetDependency;
			target = DF6373611A5F0A00002470CE /* Test */;
			targetProxy = DF63737C1A5F0A00002470CE /* PBXContainerItemProxy */;
		};
/* End PBXTargetDependency section */

/* Begin PBXVariantGroup section */
		DF63736F1A5F0A00002470CE /* Main.storyboard */ = {
			isa = PBXVariantGroup;
			children = (
				DF6373701A5F0A00002470CE /* Base */,
			);
			name = Main.storyboard;
			sourceTree = "<group>";
		};
		DF6373741A5F0A00002470CE /* LaunchScreen.xib */ = {
			isa = PBXVariantGroup;
			children = (
				DF6373751A5F0A00002470CE /* Base */,
			);
			name = LaunchScreen.xib;
			sourceTree = "<group>";
		};
/* End PBXVariantGroup section */

/* Begin XCBuildConfiguration section */
		DF6373831A5F0A00002470CE /* Debug */ = {
			isa = XCBuildConfiguration;
			buildSettings = {
				ALWAYS_SEARCH_USER_PATHS = NO;
				CLANG_CXX_LANGUAGE_STANDARD = "gnu++0x";
				CLANG_CXX_LIBRARY = "libc++";
				CLANG_ENABLE_MODULES = YES;
				CLANG_ENABLE_OBJC_ARC = YES;
				CLANG_WARN_BOOL_CONVERSION = YES;
				CLANG_WARN_CONSTANT_CONVERSION = YES;
				CLANG_WARN_DIRECT_OBJC_ISA_USAGE = YES_ERROR;
				CLANG_WARN_EMPTY_BODY = YES;
				CLANG_WARN_ENUM_CONVERSION = YES;
				CLANG_WARN_INT_CONVERSION = YES;
				CLANG_WARN_OBJC_ROOT_CLASS = YES_ERROR;
				CLANG_WARN_UNREACHABLE_CODE = YES;
				CLANG_WARN__DUPLICATE_METHOD_MATCH = YES;
				"CODE_SIGN_IDENTITY[sdk=iphoneos*]" = "iPhone Developer";
				COPY_PHASE_STRIP = NO;
				ENABLE_STRICT_OBJC_MSGSEND = YES;
				GCC_C_LANGUAGE_STANDARD = gnu99;
				GCC_DYNAMIC_NO_PIC = NO;
				GCC_OPTIMIZATION_LEVEL = 0;
				GCC_PREPROCESSOR_DEFINITIONS = (
					"DEBUG=1",
					"$(inherited)",
				);
				GCC_SYMBOLS_PRIVATE_EXTERN = NO;
				GCC_WARN_64_TO_32_BIT_CONVERSION = YES;
				GCC_WARN_ABOUT_RETURN_TYPE = YES_ERROR;
				GCC_WARN_UNDECLARED_SELECTOR = YES;
				GCC_WARN_UNINITIALIZED_AUTOS = YES_AGGRESSIVE;
				GCC_WARN_UNUSED_FUNCTION = YES;
				GCC_WARN_UNUSED_VARIABLE = YES;
				IPHONEOS_DEPLOYMENT_TARGET = 8.1;
				MTL_ENABLE_DEBUG_INFO = YES;
				ONLY_ACTIVE_ARCH = YES;
				SDKROOT = iphoneos;
			};
			name = Debug;
		};
		DF6373841A5F0A00002470CE /* Release */ = {
			isa = XCBuildConfiguration;
			buildSettings = {
				ALWAYS_SEARCH_USER_PATHS = NO;
				CLANG_CXX_LANGUAGE_STANDARD = "gnu++0x";
				CLANG_CXX_LIBRARY = "libc++";
				CLANG_ENABLE_MODULES = YES;
				CLANG_ENABLE_OBJC_ARC = YES;
				CLANG_WARN_BOOL_CONVERSION = YES;
				CLANG_WARN_CONSTANT_CONVERSION = YES;
				CLANG_WARN_DIRECT_OBJC_ISA_USAGE = YES_ERROR;
				CLANG_WARN_EMPTY_BODY = YES;
				CLANG_WARN_ENUM_CONVERSION = YES;
				CLANG_WARN_INT_CONVERSION = YES;
				CLANG_WARN_OBJC_ROOT_CLASS = YES_ERROR;
				CLANG_WARN_UNREACHABLE_CODE = YES;
				CLANG_WARN__DUPLICATE_METHOD_MATCH = YES;
				"CODE_SIGN_IDENTITY[sdk=iphoneos*]" = "iPhone Developer";
				COPY_PHASE_STRIP = YES;
				ENABLE_NS_ASSERTIONS = NO;
				ENABLE_STRICT_OBJC_MSGSEND = YES;
				GCC_C_LANGUAGE_STANDARD = gnu99;
				GCC_WARN_64_TO_32_BIT_CONVERSION = YES;
				GCC_WARN_ABOUT_RETURN_TYPE = YES_ERROR;
				GCC_WARN_UNDECLARED_SELECTOR = YES;
				GCC_WARN_UNINITIALIZED_AUTOS = YES_AGGRESSIVE;
				GCC_WARN_UNUSED_FUNCTION = YES;
				GCC_WARN_UNUSED_VARIABLE = YES;
				IPHONEOS_DEPLOYMENT_TARGET = 8.1;
				MTL_ENABLE_DEBUG_INFO = NO;
				SDKROOT = iphoneos;
				VALIDATE_PRODUCT = YES;
			};
			name = Release;
		};
		DF6373861A5F0A00002470CE /* Debug */ = {
			isa = XCBuildConfiguration;
			buildSettings = {
				ASSETCATALOG_COMPILER_APPICON_NAME = AppIcon;
				INFOPLIST_FILE = Test/Info.plist;
				LD_RUNPATH_SEARCH_PATHS = "$(inherited) @executable_path/Frameworks";
				PRODUCT_NAME = "$(TARGET_NAME)";
			};
			name = Debug;
		};
		DF6373871A5F0A00002470CE /* Release */ = {
			isa = XCBuildConfiguration;
			buildSettings = {
				ASSETCATALOG_COMPILER_APPICON_NAME = AppIcon;
				INFOPLIST_FILE = Test/Info.plist;
				LD_RUNPATH_SEARCH_PATHS = "$(inherited) @executable_path/Frameworks";
				PRODUCT_NAME = "$(TARGET_NAME)";
			};
			name = Release;
		};
		DF6373891A5F0A00002470CE /* Debug */ = {
			isa = XCBuildConfiguration;
			buildSettings = {
				BUNDLE_LOADER = "$(TEST_HOST)";
				FRAMEWORK_SEARCH_PATHS = (
					"$(SDKROOT)/Developer/Library/Frameworks",
					"$(inherited)",
				);
				GCC_PREPROCESSOR_DEFINITIONS = (
					"DEBUG=1",
					"$(inherited)",
				);
				INFOPLIST_FILE = TestTests/Info.plist;
				LD_RUNPATH_SEARCH_PATHS = "$(inherited) @executable_path/Frameworks @loader_path/Frameworks";
				PRODUCT_NAME = "$(TARGET_NAME)";
				TEST_HOST = "$(BUILT_PRODUCTS_DIR)/Test.app/Test";
			};
			name = Debug;
		};
		DF63738A1A5F0A00002470CE /* Release */ = {
			isa = XCBuildConfiguration;
			buildSettings = {
				BUNDLE_LOADER = "$(TEST_HOST)";
				FRAMEWORK_SEARCH_PATHS = (
					"$(SDKROOT)/Developer/Library/Frameworks",
					"$(inherited)",
				);
				INFOPLIST_FILE = TestTests/Info.plist;
				LD_RUNPATH_SEARCH_PATHS = "$(inherited) @executable_path/Frameworks @loader_path/Frameworks";
				PRODUCT_NAME = "$(TARGET_NAME)";
				TEST_HOST = "$(BUILT_PRODUCTS_DIR)/Test.app/Test";
			};
			name = Release;
		};
/* End XCBuildConfiguration section */

/* Begin XCConfigurationList section */
		DF63735D1A5F0A00002470CE /* Build configuration list for PBXProject "Test" */ = {
			isa = XCConfigurationList;
			buildConfigurations = (
				DF6373831A5F0A00002470CE /* Debug */,
				DF6373841A5F0A00002470CE /* Release */,
			);
			defaultConfigurationIsVisible = 0;
			defaultConfigurationName = Release;
		};
		DF6373851A5F0A00002470CE /* Build configuration list for PBXNativeTarget "Test" */ = {
			isa = XCConfigurationList;
			buildConfigurations = (
				DF6373861A5F0A00002470CE /* Debug */,
				DF6373871A5F0A00002470CE /* Release */,
			);
			defaultConfigurationIsVisible = 0;
		};
		DF6373881A5F0A00002470CE /* Build configuration list for PBXNativeTarget "TestTests" */ = {
			isa = XCConfigurationList;
			buildConfigurations = (
				DF6373891A5F0A00002470CE /* Debug */,
				DF63738A1A5F0A00002470CE /* Release */,
			);
			defaultConfigurationIsVisible = 0;
		};
/* End XCConfigurationList section */
	};
	rootObject = DF63735A1A5F0A00002470CE /* Project object */;
}
